
Microsoft Visual Studio Solution File, Format Version 12.00
# Visual Studio Version 17
VisualStudioVersion = 17.3.32929.385
MinimumVisualStudioVersion = 10.0.40219.1
Project("{FAE04EC0-301F-11D3-BF4B-00C04F79EFBC}") = "EscribirArchivo2022", "EscribirArchivo2022\EscribirArchivo2022.csproj", "{86610189-EB6B-438E-9AA0-B56DC25509FC}"
EndProject
Global
	GlobalSection(SolutionConfigurationPlatforms) = preSolution
		Debug|Any CPU = Debug|Any CPU
		Release|Any CPU = Release|Any CPU
	EndGlobalSection
	GlobalSection(ProjectConfigurationPlatforms) = postSolution
		{86610189-EB6B-438E-9AA0-B56DC25509FC}.Debug|Any CPU.ActiveCfg = Debug|Any CPU
		{86610189-EB6B-438E-9AA0-B56DC25509FC}.Debug|Any CPU.Build.0 = Debug|Any CPU
		{86610189-EB6B-438E-9AA0-B56DC25509FC}.Release|Any CPU.ActiveCfg = Release|Any CPU
		{86610189-EB6B-438E-9AA0-B56DC25509FC}.Release|Any CPU.Build.0 = Release|Any CPU
	EndGlobalSection
	GlobalSection(SolutionProperties) = preSolution
		HideSolutionNode = FALSE
	EndGlobalSection
	GlobalSection(ExtensibilityGlobals) = postSolution
		SolutionGuid = {B4E213AC-49FD-4AA3-81F6-005C994CA723}
	EndGlobalSection
EndGlobal
